{
  "name": "nsa",
  "version": "0.2.0",
  "lockfileVersion": 1,
  "requires": true,
  "dependencies": {
    "debug": {
      "version": "2.6.9",
      "resolved": "https://registry.npmjs.org/debug/-/debug-2.6.9.tgz",
      "integrity": "sha512-bC7ElrdJaJnPbAP+1EotYvqZsb3ecl5wi6Bfi6BJTUcNowp6cvspg0jXznRTKDjm/E7AdgFBVeAPVMNcKGsHMA==",
      "requires": {
        "ms": "2.0.0"
      }
    },
    "dur": {
      "version": "0.0.2",
      "resolved": "https://registry.npmjs.org/dur/-/dur-0.0.2.tgz",
      "integrity": "sha1-a9kU51DVcHgUQYW2mz0Gkmggw+M="
    },
    "ms": {
      "version": "2.0.0",
      "resolved": "https://registry.npmjs.org/ms/-/ms-2.0.0.tgz",
      "integrity": "sha1-VgiurfwAvmwpAd9fmGF4jeDVl8g="
    },
    "quu": {
      "version": "0.3.0",
      "resolved": "https://registry.npmjs.org/quu/-/quu-0.3.0.tgz",
      "integrity": "sha512-1C859H+b49ijOovvolUe8Jt6+EpA38yLBHACpIwAoIJqTFOiRsahJ+LJ6Ubk42/yv3pTQpmN/zY/zof+qGdlng=="
    }
  }
}
