{
  "name": "nsa",
  "version": "0.2.1",
  "lockfileVersion": 1,
  "requires": true,
  "dependencies": {
    "debug": {
      "version": "4.1.0",
      "resolved": "https://registry.npmjs.org/debug/-/debug-4.1.0.tgz",
      "integrity": "sha512-heNPJUJIqC+xB6ayLAMHaIrmN9HKa7aQO8MGqKpvCA+uJYVcvR6l5kgdrhRuwPFHU7P5/A1w0BjByPHwpfTDKg==",
      "requires": {
        "ms": "^2.1.1"
      }
    },
    "dur": {
      "version": "0.0.2",
      "resolved": "https://registry.npmjs.org/dur/-/dur-0.0.2.tgz",
      "integrity": "sha1-a9kU51DVcHgUQYW2mz0Gkmggw+M="
    },
    "ms": {
      "version": "2.1.1",
      "resolved": "https://registry.npmjs.org/ms/-/ms-2.1.1.tgz",
      "integrity": "sha512-tgp+dl5cGk28utYktBsrFqA7HKgrhgPsg6Z/EfhWI4gl1Hwq8B/GmY/0oXZ6nF8hDVesS/FpnYaD/kOWhYQvyg=="
    },
    "quu": {
      "version": "0.3.0",
      "resolved": "https://registry.npmjs.org/quu/-/quu-0.3.0.tgz",
      "integrity": "sha512-1C859H+b49ijOovvolUe8Jt6+EpA38yLBHACpIwAoIJqTFOiRsahJ+LJ6Ubk42/yv3pTQpmN/zY/zof+qGdlng=="
    }
  }
}
